// !$*UTF8*$!
{
	archiveVersion = 1;
	classes = {
	};
	objectVersion = 50;
	objects = {

/* Begin PBXBuildFile section */
		0495344926CBC51B00323B25 /* SmalCustomTableViewCell.swift in Sources */ = {isa = PBXBuildFile; fileRef = 0495344826CBC51B00323B25 /* SmalCustomTableViewCell.swift */; };
		0495345F26D6429900323B25 /* OnlyCodeViewController.swift in Sources */ = {isa = PBXBuildFile; fileRef = 0495345E26D6429900323B25 /* OnlyCodeViewController.swift */; };
		0495346226D6977000323B25 /* Profile+Information.swift in Sources */ = {isa = PBXBuildFile; fileRef = 0495346126D6977000323B25 /* Profile+Information.swift */; };
		0495346726D69DCB00323B25 /* SectionHeaders.swift in Sources */ = {isa = PBXBuildFile; fileRef = 0495346626D69DCB00323B25 /* SectionHeaders.swift */; };
		0495346A26D69F9B00323B25 /* OnlyCodeTableViewCell.swift in Sources */ = {isa = PBXBuildFile; fileRef = 0495346926D69F9B00323B25 /* OnlyCodeTableViewCell.swift */; };
		0495346D26D6A57800323B25 /* CodeProfileTableViewCell.swift in Sources */ = {isa = PBXBuildFile; fileRef = 0495346C26D6A57800323B25 /* CodeProfileTableViewCell.swift */; };
		04C93FF726C3EBA10081C7CF /* AppDelegate.swift in Sources */ = {isa = PBXBuildFile; fileRef = 04C93FF626C3EBA10081C7CF /* AppDelegate.swift */; };
		04C93FF926C3EBA10081C7CF /* SceneDelegate.swift in Sources */ = {isa = PBXBuildFile; fileRef = 04C93FF826C3EBA10081C7CF /* SceneDelegate.swift */; };
		04C93FFB26C3EBA10081C7CF /* ViewController.swift in Sources */ = {isa = PBXBuildFile; fileRef = 04C93FFA26C3EBA10081C7CF /* ViewController.swift */; };
		04C93FFE26C3EBA10081C7CF /* Main.storyboard in Resources */ = {isa = PBXBuildFile; fileRef = 04C93FFC26C3EBA10081C7CF /* Main.storyboard */; };
		04C9400026C3EBA30081C7CF /* Assets.xcassets in Resources */ = {isa = PBXBuildFile; fileRef = 04C93FFF26C3EBA30081C7CF /* Assets.xcassets */; };
		04C9400326C3EBA30081C7CF /* LaunchScreen.storyboard in Resources */ = {isa = PBXBuildFile; fileRef = 04C9400126C3EBA30081C7CF /* LaunchScreen.storyboard */; };
		04C9401326C68F7D0081C7CF /* BigCustomTableViewCell.swift in Sources */ = {isa = PBXBuildFile; fileRef = 04C9401226C68F7D0081C7CF /* BigCustomTableViewCell.swift */; };
/* End PBXBuildFile section */

/* Begin PBXFileReference section */
		0495344826CBC51B00323B25 /* SmalCustomTableViewCell.swift */ = {isa = PBXFileReference; lastKnownFileType = sourcecode.swift; path = SmalCustomTableViewCell.swift; sourceTree = "<group>"; };
		0495345E26D6429900323B25 /* OnlyCodeViewController.swift */ = {isa = PBXFileReference; lastKnownFileType = sourcecode.swift; path = OnlyCodeViewController.swift; sourceTree = "<group>"; };
		0495346126D6977000323B25 /* Profile+Information.swift */ = {isa = PBXFileReference; lastKnownFileType = sourcecode.swift; path = "Profile+Information.swift"; sourceTree = "<group>"; };
		0495346626D69DCB00323B25 /* SectionHeaders.swift */ = {isa = PBXFileReference; lastKnownFileType = sourcecode.swift; path = SectionHeaders.swift; sourceTree = "<group>"; };
		0495346926D69F9B00323B25 /* OnlyCodeTableViewCell.swift */ = {isa = PBXFileReference; lastKnownFileType = sourcecode.swift; path = OnlyCodeTableViewCell.swift; sourceTree = "<group>"; };
		0495346C26D6A57800323B25 /* CodeProfileTableViewCell.swift */ = {isa = PBXFileReference; lastKnownFileType = sourcecode.swift; path = CodeProfileTableViewCell.swift; sourceTree = "<group>"; };
		04C93FF326C3EBA10081C7CF /* FacebookMe.app */ = {isa = PBXFileReference; explicitFileType = wrapper.application; includeInIndex = 0; path = FacebookMe.app; sourceTree = BUILT_PRODUCTS_DIR; };
		04C93FF626C3EBA10081C7CF /* AppDelegate.swift */ = {isa = PBXFileReference; lastKnownFileType = sourcecode.swift; path = AppDelegate.swift; sourceTree = "<group>"; };
		04C93FF826C3EBA10081C7CF /* SceneDelegate.swift */ = {isa = PBXFileReference; lastKnownFileType = sourcecode.swift; path = SceneDelegate.swift; sourceTree = "<group>"; };
		04C93FFA26C3EBA10081C7CF /* ViewController.swift */ = {isa = PBXFileReference; lastKnownFileType = sourcecode.swift; path = ViewController.swift; sourceTree = "<group>"; };
		04C93FFD26C3EBA10081C7CF /* Base */ = {isa = PBXFileReference; lastKnownFileType = file.storyboard; name = Base; path = Base.lproj/Main.storyboard; sourceTree = "<group>"; };
		04C93FFF26C3EBA30081C7CF /* Assets.xcassets */ = {isa = PBXFileReference; lastKnownFileType = folder.assetcatalog; path = Assets.xcassets; sourceTree = "<group>"; };
		04C9400226C3EBA30081C7CF /* Base */ = {isa = PBXFileReference; lastKnownFileType = file.storyboard; name = Base; path = Base.lproj/LaunchScreen.storyboard; sourceTree = "<group>"; };
		04C9400426C3EBA30081C7CF /* Info.plist */ = {isa = PBXFileReference; lastKnownFileType = text.plist.xml; path = Info.plist; sourceTree = "<group>"; };
		04C9401226C68F7D0081C7CF /* BigCustomTableViewCell.swift */ = {isa = PBXFileReference; lastKnownFileType = sourcecode.swift; path = BigCustomTableViewCell.swift; sourceTree = "<group>"; };
/* End PBXFileReference section */

/* Begin PBXFrameworksBuildPhase section */
		04C93FF026C3EBA10081C7CF /* Frameworks */ = {
			isa = PBXFrameworksBuildPhase;
			buildActionMask = 2147483647;
			files = (
			);
			runOnlyForDeploymentPostprocessing = 0;
		};
/* End PBXFrameworksBuildPhase section */

/* Begin PBXGroup section */
		04C93FEA26C3EBA10081C7CF = {
			isa = PBXGroup;
			children = (
				04C93FF526C3EBA10081C7CF /* FacebookMe */,
				04C93FF426C3EBA10081C7CF /* Products */,
			);
			sourceTree = "<group>";
		};
		04C93FF426C3EBA10081C7CF /* Products */ = {
			isa = PBXGroup;
			children = (
				04C93FF326C3EBA10081C7CF /* FacebookMe.app */,
			);
			name = Products;
			sourceTree = "<group>";
		};
		04C93FF526C3EBA10081C7CF /* FacebookMe */ = {
			isa = PBXGroup;
			children = (
				04C9401126C68F600081C7CF /* model */,
				04C9401026C68F5B0081C7CF /* controller */,
				04C9400F26C68F560081C7CF /* view */,
				04C93FF626C3EBA10081C7CF /* AppDelegate.swift */,
				04C93FF826C3EBA10081C7CF /* SceneDelegate.swift */,
				04C93FFC26C3EBA10081C7CF /* Main.storyboard */,
				04C93FFF26C3EBA30081C7CF /* Assets.xcassets */,
				04C9400126C3EBA30081C7CF /* LaunchScreen.storyboard */,
				04C9400426C3EBA30081C7CF /* Info.plist */,
			);
			path = FacebookMe;
			sourceTree = "<group>";
		};
		04C9400F26C68F560081C7CF /* view */ = {
			isa = PBXGroup;
			children = (
				04C9401226C68F7D0081C7CF /* BigCustomTableViewCell.swift */,
				0495344826CBC51B00323B25 /* SmalCustomTableViewCell.swift */,
				0495346926D69F9B00323B25 /* OnlyCodeTableViewCell.swift */,
				0495346C26D6A57800323B25 /* CodeProfileTableViewCell.swift */,
			);
			path = view;
			sourceTree = "<group>";
		};
		04C9401026C68F5B0081C7CF /* controller */ = {
			isa = PBXGroup;
			children = (
				04C93FFA26C3EBA10081C7CF /* ViewController.swift */,
				0495345E26D6429900323B25 /* OnlyCodeViewController.swift */,
			);
			path = controller;
			sourceTree = "<group>";
		};
		04C9401126C68F600081C7CF /* model */ = {
			isa = PBXGroup;
			children = (
				0495346126D6977000323B25 /* Profile+Information.swift */,
				0495346626D69DCB00323B25 /* SectionHeaders.swift */,
			);
			path = model;
			sourceTree = "<group>";
		};
/* End PBXGroup section */

/* Begin PBXNativeTarget section */
		04C93FF226C3EBA10081C7CF /* FacebookMe */ = {
			isa = PBXNativeTarget;
			buildConfigurationList = 04C9400726C3EBA30081C7CF /* Build configuration list for PBXNativeTarget "FacebookMe" */;
			buildPhases = (
				04C93FEF26C3EBA10081C7CF /* Sources */,
				04C93FF026C3EBA10081C7CF /* Frameworks */,
				04C93FF126C3EBA10081C7CF /* Resources */,
			);
			buildRules = (
			);
			dependencies = (
			);
			name = FacebookMe;
			productName = FacebookMe;
			productReference = 04C93FF326C3EBA10081C7CF /* FacebookMe.app */;
			productType = "com.apple.product-type.application";
		};
/* End PBXNativeTarget section */

/* Begin PBXProject section */
		04C93FEB26C3EBA10081C7CF /* Project object */ = {
			isa = PBXProject;
			attributes = {
				LastSwiftUpdateCheck = 1220;
				LastUpgradeCheck = 1220;
				TargetAttributes = {
					04C93FF226C3EBA10081C7CF = {
						CreatedOnToolsVersion = 12.2;
					};
				};
			};
			buildConfigurationList = 04C93FEE26C3EBA10081C7CF /* Build configuration list for PBXProject "FacebookMe" */;
			compatibilityVersion = "Xcode 9.3";
			developmentRegion = en;
			hasScannedForEncodings = 0;
			knownRegions = (
				en,
				Base,
			);
			mainGroup = 04C93FEA26C3EBA10081C7CF;
			productRefGroup = 04C93FF426C3EBA10081C7CF /* Products */;
			projectDirPath = "";
			projectRoot = "";
			targets = (
				04C93FF226C3EBA10081C7CF /* FacebookMe */,
			);
		};
/* End PBXProject section */

/* Begin PBXResourcesBuildPhase section */
		04C93FF126C3EBA10081C7CF /* Resources */ = {
			isa = PBXResourcesBuildPhase;
			buildActionMask = 2147483647;
			files = (
				04C9400326C3EBA30081C7CF /* LaunchScreen.storyboard in Resources */,
				04C9400026C3EBA30081C7CF /* Assets.xcassets in Resources */,
				04C93FFE26C3EBA10081C7CF /* Main.storyboard in Resources */,
			);
			runOnlyForDeploymentPostprocessing = 0;
		};
/* End PBXResourcesBuildPhase section */

/* Begin PBXSourcesBuildPhase section */
		04C93FEF26C3EBA10081C7CF /* Sources */ = {
			isa = PBXSourcesBuildPhase;
			buildActionMask = 2147483647;
			files = (
				0495346726D69DCB00323B25 /* SectionHeaders.swift in Sources */,
				04C93FFB26C3EBA10081C7CF /* ViewController.swift in Sources */,
				0495346D26D6A57800323B25 /* CodeProfileTableViewCell.swift in Sources */,
				0495346226D6977000323B25 /* Profile+Information.swift in Sources */,
				0495346A26D69F9B00323B25 /* OnlyCodeTableViewCell.swift in Sources */,
				0495344926CBC51B00323B25 /* SmalCustomTableViewCell.swift in Sources */,
				04C93FF726C3EBA10081C7CF /* AppDelegate.swift in Sources */,
				04C9401326C68F7D0081C7CF /* BigCustomTableViewCell.swift in Sources */,
				04C93FF926C3EBA10081C7CF /* SceneDelegate.swift in Sources */,
				0495345F26D6429900323B25 /* OnlyCodeViewController.swift in Sources */,
			);
			runOnlyForDeploymentPostprocessing = 0;
		};
/* End PBXSourcesBuildPhase section */

/* Begin PBXVariantGroup section */
		04C93FFC26C3EBA10081C7CF /* Main.storyboard */ = {
			isa = PBXVariantGroup;
			children = (
				04C93FFD26C3EBA10081C7CF /* Base */,
			);
			name = Main.storyboard;
			sourceTree = "<group>";
		};
		04C9400126C3EBA30081C7CF /* LaunchScreen.storyboard */ = {
			isa = PBXVariantGroup;
			children = (
				04C9400226C3EBA30081C7CF /* Base */,
			);
			name = LaunchScreen.storyboard;
			sourceTree = "<group>";
		};
/* End PBXVariantGroup section */

/* Begin XCBuildConfiguration section */
		04C9400526C3EBA30081C7CF /* Debug */ = {
			isa = XCBuildConfiguration;
			buildSettings = {
				ALWAYS_SEARCH_USER_PATHS = NO;
				CLANG_ANALYZER_NONNULL = YES;
				CLANG_ANALYZER_NUMBER_OBJECT_CONVERSION = YES_AGGRESSIVE;
				CLANG_CXX_LANGUAGE_STANDARD = "gnu++14";
				CLANG_CXX_LIBRARY = "libc++";
				CLANG_ENABLE_MODULES = YES;
				CLANG_ENABLE_OBJC_ARC = YES;
				CLANG_ENABLE_OBJC_WEAK = YES;
				CLANG_WARN_BLOCK_CAPTURE_AUTORELEASING = YES;
				CLANG_WARN_BOOL_CONVERSION = YES;
				CLANG_WARN_COMMA = YES;
				CLANG_WARN_CONSTANT_CONVERSION = YES;
				CLANG_WARN_DEPRECATED_OBJC_IMPLEMENTATIONS = YES;
				CLANG_WARN_DIRECT_OBJC_ISA_USAGE = YES_ERROR;
				CLANG_WARN_DOCUMENTATION_COMMENTS = YES;
				CLANG_WARN_EMPTY_BODY = YES;
				CLANG_WARN_ENUM_CONVERSION = YES;
				CLANG_WARN_INFINITE_RECURSION = YES;
				CLANG_WARN_INT_CONVERSION = YES;
				CLANG_WARN_NON_LITERAL_NULL_CONVERSION = YES;
				CLANG_WARN_OBJC_IMPLICIT_RETAIN_SELF = YES;
				CLANG_WARN_OBJC_LITERAL_CONVERSION = YES;
				CLANG_WARN_OBJC_ROOT_CLASS = YES_ERROR;
				CLANG_WARN_QUOTED_INCLUDE_IN_FRAMEWORK_HEADER = YES;
				CLANG_WARN_RANGE_LOOP_ANALYSIS = YES;
				CLANG_WARN_STRICT_PROTOTYPES = YES;
				CLANG_WARN_SUSPICIOUS_MOVE = YES;
				CLANG_WARN_UNGUARDED_AVAILABILITY = YES_AGGRESSIVE;
				CLANG_WARN_UNREACHABLE_CODE = YES;
				CLANG_WARN__DUPLICATE_METHOD_MATCH = YES;
				COPY_PHASE_STRIP = NO;
				DEBUG_INFORMATION_FORMAT = dwarf;
				ENABLE_STRICT_OBJC_MSGSEND = YES;
				ENABLE_TESTABILITY = YES;
				GCC_C_LANGUAGE_STANDARD = gnu11;
				GCC_DYNAMIC_NO_PIC = NO;
				GCC_NO_COMMON_BLOCKS = YES;
				GCC_OPTIMIZATION_LEVEL = 0;
				GCC_PREPROCESSOR_DEFINITIONS = (
					"DEBUG=1",
					"$(inherited)",
				);
				GCC_WARN_64_TO_32_BIT_CONVERSION = YES;
				GCC_WARN_ABOUT_RETURN_TYPE = YES_ERROR;
				GCC_WARN_UNDECLARED_SELECTOR = YES;
				GCC_WARN_UNINITIALIZED_AUTOS = YES_AGGRESSIVE;
				GCC_WARN_UNUSED_FUNCTION = YES;
				GCC_WARN_UNUSED_VARIABLE = YES;
				IPHONEOS_DEPLOYMENT_TARGET = 14.2;
				MTL_ENABLE_DEBUG_INFO = INCLUDE_SOURCE;
				MTL_FAST_MATH = YES;
				ONLY_ACTIVE_ARCH = YES;
				SDKROOT = iphoneos;
				SWIFT_ACTIVE_COMPILATION_CONDITIONS = DEBUG;
				SWIFT_OPTIMIZATION_LEVEL = "-Onone";
			};
			name = Debug;
		};
		04C9400626C3EBA30081C7CF /* Release */ = {
			isa = XCBuildConfiguration;
			buildSettings = {
				ALWAYS_SEARCH_USER_PATHS = NO;
				CLANG_ANALYZER_NONNULL = YES;
				CLANG_ANALYZER_NUMBER_OBJECT_CONVERSION = YES_AGGRESSIVE;
				CLANG_CXX_LANGUAGE_STANDARD = "gnu++14";
				CLANG_CXX_LIBRARY = "libc++";
				CLANG_ENABLE_MODULES = YES;
				CLANG_ENABLE_OBJC_ARC = YES;
				CLANG_ENABLE_OBJC_WEAK = YES;
				CLANG_WARN_BLOCK_CAPTURE_AUTORELEASING = YES;
				CLANG_WARN_BOOL_CONVERSION = YES;
				CLANG_WARN_COMMA = YES;
				CLANG_WARN_CONSTANT_CONVERSION = YES;
				CLANG_WARN_DEPRECATED_OBJC_IMPLEMENTATIONS = YES;
				CLANG_WARN_DIRECT_OBJC_ISA_USAGE = YES_ERROR;
				CLANG_WARN_DOCUMENTATION_COMMENTS = YES;
				CLANG_WARN_EMPTY_BODY = YES;
				CLANG_WARN_ENUM_CONVERSION = YES;
				CLANG_WARN_INFINITE_RECURSION = YES;
				CLANG_WARN_INT_CONVERSION = YES;
				CLANG_WARN_NON_LITERAL_NULL_CONVERSION = YES;
				CLANG_WARN_OBJC_IMPLICIT_RETAIN_SELF = YES;
				CLANG_WARN_OBJC_LITERAL_CONVERSION = YES;
				CLANG_WARN_OBJC_ROOT_CLASS = YES_ERROR;
				CLANG_WARN_QUOTED_INCLUDE_IN_FRAMEWORK_HEADER = YES;
				CLANG_WARN_RANGE_LOOP_ANALYSIS = YES;
				CLANG_WARN_STRICT_PROTOTYPES = YES;
				CLANG_WARN_SUSPICIOUS_MOVE = YES;
				CLANG_WARN_UNGUARDED_AVAILABILITY = YES_AGGRESSIVE;
				CLANG_WARN_UNREACHABLE_CODE = YES;
				CLANG_WARN__DUPLICATE_METHOD_MATCH = YES;
				COPY_PHASE_STRIP = NO;
				DEBUG_INFORMATION_FORMAT = "dwarf-with-dsym";
				ENABLE_NS_ASSERTIONS = NO;
				ENABLE_STRICT_OBJC_MSGSEND = YES;
				GCC_C_LANGUAGE_STANDARD = gnu11;
				GCC_NO_COMMON_BLOCKS = YES;
				GCC_WARN_64_TO_32_BIT_CONVERSION = YES;
				GCC_WARN_ABOUT_RETURN_TYPE = YES_ERROR;
				GCC_WARN_UNDECLARED_SELECTOR = YES;
				GCC_WARN_UNINITIALIZED_AUTOS = YES_AGGRESSIVE;
				GCC_WARN_UNUSED_FUNCTION = YES;
				GCC_WARN_UNUSED_VARIABLE = YES;
				IPHONEOS_DEPLOYMENT_TARGET = 14.2;
				MTL_ENABLE_DEBUG_INFO = NO;
				MTL_FAST_MATH = YES;
				SDKROOT = iphoneos;
				SWIFT_COMPILATION_MODE = wholemodule;
				SWIFT_OPTIMIZATION_LEVEL = "-O";
				VALIDATE_PRODUCT = YES;
			};
			name = Release;
		};
		04C9400826C3EBA30081C7CF /* Debug */ = {
			isa = XCBuildConfiguration;
			buildSettings = {
				ASSETCATALOG_COMPILER_APPICON_NAME = AppIcon;
				ASSETCATALOG_COMPILER_GLOBAL_ACCENT_COLOR_NAME = AccentColor;
				CODE_SIGN_STYLE = Automatic;
				DEVELOPMENT_TEAM = 8N7PD4AXR6;
				INFOPLIST_FILE = FacebookMe/Info.plist;
				LD_RUNPATH_SEARCH_PATHS = (
					"$(inherited)",
					"@executable_path/Frameworks",
				);
				PRODUCT_BUNDLE_IDENTIFIER = com.yuseong.FacebookMe;
				PRODUCT_NAME = "$(TARGET_NAME)";
				SWIFT_VERSION = 5.0;
				TARGETED_DEVICE_FAMILY = "1,2";
			};
			name = Debug;
		};
		04C9400926C3EBA30081C7CF /* Release */ = {
			isa = XCBuildConfiguration;
			buildSettings = {
				ASSETCATALOG_COMPILER_APPICON_NAME = AppIcon;
				ASSETCATALOG_COMPILER_GLOBAL_ACCENT_COLOR_NAME = AccentColor;
				CODE_SIGN_STYLE = Automatic;
				DEVELOPMENT_TEAM = 8N7PD4AXR6;
				INFOPLIST_FILE = FacebookMe/Info.plist;
				LD_RUNPATH_SEARCH_PATHS = (
					"$(inherited)",
					"@executable_path/Frameworks",
				);
				PRODUCT_BUNDLE_IDENTIFIER = com.yuseong.FacebookMe;
				PRODUCT_NAME = "$(TARGET_NAME)";
				SWIFT_VERSION = 5.0;
				TARGETED_DEVICE_FAMILY = "1,2";
			};
			name = Release;
		};
/* End XCBuildConfiguration section */

/* Begin XCConfigurationList section */
		04C93FEE26C3EBA10081C7CF /* Build configuration list for PBXProject "FacebookMe" */ = {
			isa = XCConfigurationList;
			buildConfigurations = (
				04C9400526C3EBA30081C7CF /* Debug */,
				04C9400626C3EBA30081C7CF /* Release */,
			);
			defaultConfigurationIsVisible = 0;
			defaultConfigurationName = Release;
		};
		04C9400726C3EBA30081C7CF /* Build configuration list for PBXNativeTarget "FacebookMe" */ = {
			isa = XCConfigurationList;
			buildConfigurations = (
				04C9400826C3EBA30081C7CF /* Debug */,
				04C9400926C3EBA30081C7CF /* Release */,
			);
			defaultConfigurationIsVisible = 0;
			defaultConfigurationName = Release;
		};
/* End XCConfigurationList section */
	};
	rootObject = 04C93FEB26C3EBA10081C7CF /* Project object */;
}
